// !$*UTF8*$!
{
	archiveVersion = 1;
	classes = {
	};
	objectVersion = 48;
	objects = {

/* Begin PBXBuildFile section */
		18BE29281FD66B690014BBF3 /* AppDelegate.swift in Sources */ = {isa = PBXBuildFile; fileRef = 18BE29271FD66B690014BBF3 /* AppDelegate.swift */; };
		18BE292A1FD66B690014BBF3 /* ViewController.swift in Sources */ = {isa = PBXBuildFile; fileRef = 18BE29291FD66B690014BBF3 /* ViewController.swift */; };
		18BE292F1FD66B690014BBF3 /* Assets.xcassets in Resources */ = {isa = PBXBuildFile; fileRef = 18BE292E1FD66B690014BBF3 /* Assets.xcassets */; };
		18BE293D1FD66B690014BBF3 /* ScnceKitTestTests.swift in Sources */ = {isa = PBXBuildFile; fileRef = 18BE293C1FD66B690014BBF3 /* ScnceKitTestTests.swift */; };
		18BE29481FD66B690014BBF3 /* ScnceKitTestUITests.swift in Sources */ = {isa = PBXBuildFile; fileRef = 18BE29471FD66B690014BBF3 /* ScnceKitTestUITests.swift */; };
		18E23CF21FFE2C4100EEE891 /* tiankong.jpg in Resources */ = {isa = PBXBuildFile; fileRef = 18E23CF11FFE2C4000EEE891 /* tiankong.jpg */; };
		18F1B6C51FF35A8600F0431A /* XHSSFrameTool.swift in Sources */ = {isa = PBXBuildFile; fileRef = 18F1B6C31FF35A8600F0431A /* XHSSFrameTool.swift */; };
		18F1B6C61FF35A8600F0431A /* XHSSLayoutTool.swift in Sources */ = {isa = PBXBuildFile; fileRef = 18F1B6C41FF35A8600F0431A /* XHSSLayoutTool.swift */; };
		18F2C8181FECEAAD006E3DE9 /* OprationManager.swift in Sources */ = {isa = PBXBuildFile; fileRef = 18F2C8171FECEAAD006E3DE9 /* OprationManager.swift */; };
		18FF572120158CA400E509D2 /* XHSSMaterialPropertyModel.swift in Sources */ = {isa = PBXBuildFile; fileRef = 18FF572020158CA400E509D2 /* XHSSMaterialPropertyModel.swift */; };
		18FF572420158CAE00E509D2 /* XHSSMaterialModel.swift in Sources */ = {isa = PBXBuildFile; fileRef = 18FF572220158CAE00E509D2 /* XHSSMaterialModel.swift */; };
		18FF572520158CAE00E509D2 /* XHSSMaterialBaseModel.swift in Sources */ = {isa = PBXBuildFile; fileRef = 18FF572320158CAE00E509D2 /* XHSSMaterialBaseModel.swift */; };
		18FF573320158E0C00E509D2 /* XHSSPyramidModel.swift in Sources */ = {isa = PBXBuildFile; fileRef = 18FF572620158E0C00E509D2 /* XHSSPyramidModel.swift */; };
		18FF573420158E0C00E509D2 /* XHSSObjectBaseModel.swift in Sources */ = {isa = PBXBuildFile; fileRef = 18FF572720158E0C00E509D2 /* XHSSObjectBaseModel.swift */; };
		18FF573520158E0C00E509D2 /* XHSSConeModel.swift in Sources */ = {isa = PBXBuildFile; fileRef = 18FF572820158E0C00E509D2 /* XHSSConeModel.swift */; };
		18FF573620158E0C00E509D2 /* XHSSTextModel.swift in Sources */ = {isa = PBXBuildFile; fileRef = 18FF572920158E0C00E509D2 /* XHSSTextModel.swift */; };
		18FF573720158E0C00E509D2 /* XHSSTorusModel.swift in Sources */ = {isa = PBXBuildFile; fileRef = 18FF572A20158E0C00E509D2 /* XHSSTorusModel.swift */; };
		18FF573820158E0C00E509D2 /* XHSSTubeModel.swift in Sources */ = {isa = PBXBuildFile; fileRef = 18FF572B20158E0C00E509D2 /* XHSSTubeModel.swift */; };
		18FF573920158E0C00E509D2 /* XHSSCylinderModel.swift in Sources */ = {isa = PBXBuildFile; fileRef = 18FF572C20158E0C00E509D2 /* XHSSCylinderModel.swift */; };
		18FF573A20158E0C00E509D2 /* XHSSBoxModel.swift in Sources */ = {isa = PBXBuildFile; fileRef = 18FF572D20158E0C00E509D2 /* XHSSBoxModel.swift */; };
		18FF573B20158E0C00E509D2 /* XHSSPlaneModel.swift in Sources */ = {isa = PBXBuildFile; fileRef = 18FF572E20158E0C00E509D2 /* XHSSPlaneModel.swift */; };
		18FF573C20158E0C00E509D2 /* XHSSCapsuleModel.swift in Sources */ = {isa = PBXBuildFile; fileRef = 18FF572F20158E0C00E509D2 /* XHSSCapsuleModel.swift */; };
		18FF573D20158E0C00E509D2 /* XHSSFloorModel.swift in Sources */ = {isa = PBXBuildFile; fileRef = 18FF573020158E0C00E509D2 /* XHSSFloorModel.swift */; };
		18FF573E20158E0C00E509D2 /* XHSSSphereModel.swift in Sources */ = {isa = PBXBuildFile; fileRef = 18FF573120158E0C00E509D2 /* XHSSSphereModel.swift */; };
		18FF573F20158E0C00E509D2 /* XHSSShapeModel.swift in Sources */ = {isa = PBXBuildFile; fileRef = 18FF573220158E0C00E509D2 /* XHSSShapeModel.swift */; };
		18FF574320158E6B00E509D2 /* XHSSMaterialContentEditView.swift in Sources */ = {isa = PBXBuildFile; fileRef = 18FF574020158E6B00E509D2 /* XHSSMaterialContentEditView.swift */; };
		18FF574420158E6B00E509D2 /* XHSSMaterialOprationUI.swift in Sources */ = {isa = PBXBuildFile; fileRef = 18FF574120158E6B00E509D2 /* XHSSMaterialOprationUI.swift */; };
		18FF574520158E6B00E509D2 /* XHSSMaterialContentImageLPaintView.swift in Sources */ = {isa = PBXBuildFile; fileRef = 18FF574220158E6B00E509D2 /* XHSSMaterialContentImageLPaintView.swift */; };
		18FF574720158EC600E509D2 /* XHSSObjectOprationUI.swift in Sources */ = {isa = PBXBuildFile; fileRef = 18FF574620158EC600E509D2 /* XHSSObjectOprationUI.swift */; };
		18FF574E20158EEB00E509D2 /* XHSSObjectTipCell.swift in Sources */ = {isa = PBXBuildFile; fileRef = 18FF574820158EEA00E509D2 /* XHSSObjectTipCell.swift */; };
		18FF574F20158EEB00E509D2 /* XHSSObjectBaseTVCell.swift in Sources */ = {isa = PBXBuildFile; fileRef = 18FF574920158EEA00E509D2 /* XHSSObjectBaseTVCell.swift */; };
		18FF575020158EEB00E509D2 /* XHSSObjectInputOnlyCell.swift in Sources */ = {isa = PBXBuildFile; fileRef = 18FF574A20158EEB00E509D2 /* XHSSObjectInputOnlyCell.swift */; };
		18FF575120158EEB00E509D2 /* XHSSObjectMultiInputCell.swift in Sources */ = {isa = PBXBuildFile; fileRef = 18FF574B20158EEB00E509D2 /* XHSSObjectMultiInputCell.swift */; };
		18FF575220158EEB00E509D2 /* XHSSObjectSwitchBtnTVCell.swift in Sources */ = {isa = PBXBuildFile; fileRef = 18FF574C20158EEB00E509D2 /* XHSSObjectSwitchBtnTVCell.swift */; };
		18FF575320158EEB00E509D2 /* XHSSObjectSliderInputCell.swift in Sources */ = {isa = PBXBuildFile; fileRef = 18FF574D20158EEB00E509D2 /* XHSSObjectSliderInputCell.swift */; };
		18FF575A20158FA000E509D2 /* XHSSControlBoardView.swift in Sources */ = {isa = PBXBuildFile; fileRef = 18FF575820158FA000E509D2 /* XHSSControlBoardView.swift */; };
		18FF575B20158FA000E509D2 /* XHSSObjectOprationTypePopView.swift in Sources */ = {isa = PBXBuildFile; fileRef = 18FF575920158FA000E509D2 /* XHSSObjectOprationTypePopView.swift */; };
		18FF575E2015E5C500E509D2 /* XHSSSCNGeometryManager.swift in Sources */ = {isa = PBXBuildFile; fileRef = 18FF575D2015E5C500E509D2 /* XHSSSCNGeometryManager.swift */; };
/* End PBXBuildFile section */

/* Begin PBXContainerItemProxy section */
		18BE29391FD66B690014BBF3 /* PBXContainerItemProxy */ = {
			isa = PBXContainerItemProxy;
			containerPortal = 18BE291C1FD66B690014BBF3 /* Project object */;
			proxyType = 1;
			remoteGlobalIDString = 18BE29231FD66B690014BBF3;
			remoteInfo = ScnceKitTest;
		};
		18BE29441FD66B690014BBF3 /* PBXContainerItemProxy */ = {
			isa = PBXContainerItemProxy;
			containerPortal = 18BE291C1FD66B690014BBF3 /* Project object */;
			proxyType = 1;
			remoteGlobalIDString = 18BE29231FD66B690014BBF3;
			remoteInfo = ScnceKitTest;
		};
/* End PBXContainerItemProxy section */

/* Begin PBXFileReference section */
		18BE29241FD66B690014BBF3 /* ScnceKitTest.app */ = {isa = PBXFileReference; explicitFileType = wrapper.application; includeInIndex = 0; path = ScnceKitTest.app; sourceTree = BUILT_PRODUCTS_DIR; };
		18BE29271FD66B690014BBF3 /* AppDelegate.swift */ = {isa = PBXFileReference; lastKnownFileType = sourcecode.swift; path = AppDelegate.swift; sourceTree = "<group>"; };
		18BE29291FD66B690014BBF3 /* ViewController.swift */ = {isa = PBXFileReference; lastKnownFileType = sourcecode.swift; path = ViewController.swift; sourceTree = "<group>"; };
		18BE292E1FD66B690014BBF3 /* Assets.xcassets */ = {isa = PBXFileReference; lastKnownFileType = folder.assetcatalog; path = Assets.xcassets; sourceTree = "<group>"; };
		18BE29331FD66B690014BBF3 /* Info.plist */ = {isa = PBXFileReference; lastKnownFileType = text.plist.xml; path = Info.plist; sourceTree = "<group>"; };
		18BE29381FD66B690014BBF3 /* ScnceKitTestTests.xctest */ = {isa = PBXFileReference; explicitFileType = wrapper.cfbundle; includeInIndex = 0; path = ScnceKitTestTests.xctest; sourceTree = BUILT_PRODUCTS_DIR; };
		18BE293C1FD66B690014BBF3 /* ScnceKitTestTests.swift */ = {isa = PBXFileReference; lastKnownFileType = sourcecode.swift; path = ScnceKitTestTests.swift; sourceTree = "<group>"; };
		18BE293E1FD66B690014BBF3 /* Info.plist */ = {isa = PBXFileReference; lastKnownFileType = text.plist.xml; path = Info.plist; sourceTree = "<group>"; };
		18BE29431FD66B690014BBF3 /* ScnceKitTestUITests.xctest */ = {isa = PBXFileReference; explicitFileType = wrapper.cfbundle; includeInIndex = 0; path = ScnceKitTestUITests.xctest; sourceTree = BUILT_PRODUCTS_DIR; };
		18BE29471FD66B690014BBF3 /* ScnceKitTestUITests.swift */ = {isa = PBXFileReference; lastKnownFileType = sourcecode.swift; path = ScnceKitTestUITests.swift; sourceTree = "<group>"; };
		18BE29491FD66B690014BBF3 /* Info.plist */ = {isa = PBXFileReference; lastKnownFileType = text.plist.xml; path = Info.plist; sourceTree = "<group>"; };
		18E23CF11FFE2C4000EEE891 /* tiankong.jpg */ = {isa = PBXFileReference; lastKnownFileType = image.jpeg; path = tiankong.jpg; sourceTree = "<group>"; };
		18F1B6C31FF35A8600F0431A /* XHSSFrameTool.swift */ = {isa = PBXFileReference; fileEncoding = 4; lastKnownFileType = sourcecode.swift; path = XHSSFrameTool.swift; sourceTree = "<group>"; };
		18F1B6C41FF35A8600F0431A /* XHSSLayoutTool.swift */ = {isa = PBXFileReference; fileEncoding = 4; lastKnownFileType = sourcecode.swift; path = XHSSLayoutTool.swift; sourceTree = "<group>"; };
		18F2C8171FECEAAD006E3DE9 /* OprationManager.swift */ = {isa = PBXFileReference; lastKnownFileType = sourcecode.swift; path = OprationManager.swift; sourceTree = "<group>"; };
		18FF572020158CA400E509D2 /* XHSSMaterialPropertyModel.swift */ = {isa = PBXFileReference; fileEncoding = 4; lastKnownFileType = sourcecode.swift; path = XHSSMaterialPropertyModel.swift; sourceTree = "<group>"; };
		18FF572220158CAE00E509D2 /* XHSSMaterialModel.swift */ = {isa = PBXFileReference; fileEncoding = 4; lastKnownFileType = sourcecode.swift; path = XHSSMaterialModel.swift; sourceTree = "<group>"; };
		18FF572320158CAE00E509D2 /* XHSSMaterialBaseModel.swift */ = {isa = PBXFileReference; fileEncoding = 4; lastKnownFileType = sourcecode.swift; path = XHSSMaterialBaseModel.swift; sourceTree = "<group>"; };
		18FF572620158E0C00E509D2 /* XHSSPyramidModel.swift */ = {isa = PBXFileReference; fileEncoding = 4; lastKnownFileType = sourcecode.swift; path = XHSSPyramidModel.swift; sourceTree = "<group>"; };
		18FF572720158E0C00E509D2 /* XHSSObjectBaseModel.swift */ = {isa = PBXFileReference; fileEncoding = 4; lastKnownFileType = sourcecode.swift; path = XHSSObjectBaseModel.swift; sourceTree = "<group>"; };
		18FF572820158E0C00E509D2 /* XHSSConeModel.swift */ = {isa = PBXFileReference; fileEncoding = 4; lastKnownFileType = sourcecode.swift; path = XHSSConeModel.swift; sourceTree = "<group>"; };
		18FF572920158E0C00E509D2 /* XHSSTextModel.swift */ = {isa = PBXFileReference; fileEncoding = 4; lastKnownFileType = sourcecode.swift; path = XHSSTextModel.swift; sourceTree = "<group>"; };
		18FF572A20158E0C00E509D2 /* XHSSTorusModel.swift */ = {isa = PBXFileReference; fileEncoding = 4; lastKnownFileType = sourcecode.swift; path = XHSSTorusModel.swift; sourceTree = "<group>"; };
		18FF572B20158E0C00E509D2 /* XHSSTubeModel.swift */ = {isa = PBXFileReference; fileEncoding = 4; lastKnownFileType = sourcecode.swift; path = XHSSTubeModel.swift; sourceTree = "<group>"; };
		18FF572C20158E0C00E509D2 /* XHSSCylinderModel.swift */ = {isa = PBXFileReference; fileEncoding = 4; lastKnownFileType = sourcecode.swift; path = XHSSCylinderModel.swift; sourceTree = "<group>"; };
		18FF572D20158E0C00E509D2 /* XHSSBoxModel.swift */ = {isa = PBXFileReference; fileEncoding = 4; lastKnownFileType = sourcecode.swift; path = XHSSBoxModel.swift; sourceTree = "<group>"; };
		18FF572E20158E0C00E509D2 /* XHSSPlaneModel.swift */ = {isa = PBXFileReference; fileEncoding = 4; lastKnownFileType = sourcecode.swift; path = XHSSPlaneModel.swift; sourceTree = "<group>"; };
		18FF572F20158E0C00E509D2 /* XHSSCapsuleModel.swift */ = {isa = PBXFileReference; fileEncoding = 4; lastKnownFileType = sourcecode.swift; path = XHSSCapsuleModel.swift; sourceTree = "<group>"; };
		18FF573020158E0C00E509D2 /* XHSSFloorModel.swift */ = {isa = PBXFileReference; fileEncoding = 4; lastKnownFileType = sourcecode.swift; path = XHSSFloorModel.swift; sourceTree = "<group>"; };
		18FF573120158E0C00E509D2 /* XHSSSphereModel.swift */ = {isa = PBXFileReference; fileEncoding = 4; lastKnownFileType = sourcecode.swift; path = XHSSSphereModel.swift; sourceTree = "<group>"; };
		18FF573220158E0C00E509D2 /* XHSSShapeModel.swift */ = {isa = PBXFileReference; fileEncoding = 4; lastKnownFileType = sourcecode.swift; path = XHSSShapeModel.swift; sourceTree = "<group>"; };
		18FF574020158E6B00E509D2 /* XHSSMaterialContentEditView.swift */ = {isa = PBXFileReference; fileEncoding = 4; lastKnownFileType = sourcecode.swift; path = XHSSMaterialContentEditView.swift; sourceTree = "<group>"; };
		18FF574120158E6B00E509D2 /* XHSSMaterialOprationUI.swift */ = {isa = PBXFileReference; fileEncoding = 4; lastKnownFileType = sourcecode.swift; path = XHSSMaterialOprationUI.swift; sourceTree = "<group>"; };
		18FF574220158E6B00E509D2 /* XHSSMaterialContentImageLPaintView.swift */ = {isa = PBXFileReference; fileEncoding = 4; lastKnownFileType = sourcecode.swift; path = XHSSMaterialContentImageLPaintView.swift; sourceTree = "<group>"; };
		18FF574620158EC600E509D2 /* XHSSObjectOprationUI.swift */ = {isa = PBXFileReference; fileEncoding = 4; lastKnownFileType = sourcecode.swift; path = XHSSObjectOprationUI.swift; sourceTree = "<group>"; };
		18FF574820158EEA00E509D2 /* XHSSObjectTipCell.swift */ = {isa = PBXFileReference; fileEncoding = 4; lastKnownFileType = sourcecode.swift; path = XHSSObjectTipCell.swift; sourceTree = "<group>"; };
		18FF574920158EEA00E509D2 /* XHSSObjectBaseTVCell.swift */ = {isa = PBXFileReference; fileEncoding = 4; lastKnownFileType = sourcecode.swift; path = XHSSObjectBaseTVCell.swift; sourceTree = "<group>"; };
		18FF574A20158EEB00E509D2 /* XHSSObjectInputOnlyCell.swift */ = {isa = PBXFileReference; fileEncoding = 4; lastKnownFileType = sourcecode.swift; path = XHSSObjectInputOnlyCell.swift; sourceTree = "<group>"; };
		18FF574B20158EEB00E509D2 /* XHSSObjectMultiInputCell.swift */ = {isa = PBXFileReference; fileEncoding = 4; lastKnownFileType = sourcecode.swift; path = XHSSObjectMultiInputCell.swift; sourceTree = "<group>"; };
		18FF574C20158EEB00E509D2 /* XHSSObjectSwitchBtnTVCell.swift */ = {isa = PBXFileReference; fileEncoding = 4; lastKnownFileType = sourcecode.swift; path = XHSSObjectSwitchBtnTVCell.swift; sourceTree = "<group>"; };
		18FF574D20158EEB00E509D2 /* XHSSObjectSliderInputCell.swift */ = {isa = PBXFileReference; fileEncoding = 4; lastKnownFileType = sourcecode.swift; path = XHSSObjectSliderInputCell.swift; sourceTree = "<group>"; };
		18FF575820158FA000E509D2 /* XHSSControlBoardView.swift */ = {isa = PBXFileReference; fileEncoding = 4; lastKnownFileType = sourcecode.swift; path = XHSSControlBoardView.swift; sourceTree = "<group>"; };
		18FF575920158FA000E509D2 /* XHSSObjectOprationTypePopView.swift */ = {isa = PBXFileReference; fileEncoding = 4; lastKnownFileType = sourcecode.swift; path = XHSSObjectOprationTypePopView.swift; sourceTree = "<group>"; };
		18FF575D2015E5C500E509D2 /* XHSSSCNGeometryManager.swift */ = {isa = PBXFileReference; lastKnownFileType = sourcecode.swift; path = XHSSSCNGeometryManager.swift; sourceTree = "<group>"; };
/* End PBXFileReference section */

/* Begin PBXFrameworksBuildPhase section */
		18BE29211FD66B690014BBF3 /* Frameworks */ = {
			isa = PBXFrameworksBuildPhase;
			buildActionMask = 2147483647;
			files = (
			);
			runOnlyForDeploymentPostprocessing = 0;
		};
		18BE29351FD66B690014BBF3 /* Frameworks */ = {
			isa = PBXFrameworksBuildPhase;
			buildActionMask = 2147483647;
			files = (
			);
			runOnlyForDeploymentPostprocessing = 0;
		};
		18BE29401FD66B690014BBF3 /* Frameworks */ = {
			isa = PBXFrameworksBuildPhase;
			buildActionMask = 2147483647;
			files = (
			);
			runOnlyForDeploymentPostprocessing = 0;
		};
/* End PBXFrameworksBuildPhase section */

/* Begin PBXGroup section */
		18BE291B1FD66B690014BBF3 = {
			isa = PBXGroup;
			children = (
				18BE29261FD66B690014BBF3 /* ScnceKitTest */,
				18BE293B1FD66B690014BBF3 /* ScnceKitTestTests */,
				18BE29461FD66B690014BBF3 /* ScnceKitTestUITests */,
				18BE29251FD66B690014BBF3 /* Products */,
			);
			sourceTree = "<group>";
		};
		18BE29251FD66B690014BBF3 /* Products */ = {
			isa = PBXGroup;
			children = (
				18BE29241FD66B690014BBF3 /* ScnceKitTest.app */,
				18BE29381FD66B690014BBF3 /* ScnceKitTestTests.xctest */,
				18BE29431FD66B690014BBF3 /* ScnceKitTestUITests.xctest */,
			);
			name = Products;
			sourceTree = "<group>";
		};
		18BE29261FD66B690014BBF3 /* ScnceKitTest */ = {
			isa = PBXGroup;
			children = (
				18FF575420158FA000E509D2 /* Menu */,
				18FF570820158C3300E509D2 /* Animation */,
				18FF570C20158C3300E509D2 /* Camera */,
				18FF571C20158C3400E509D2 /* Geometry */,
				18FF570420158C3200E509D2 /* Light */,
				18FF571420158C3400E509D2 /* Material */,
				18FF571020158C3300E509D2 /* ParticalSystem */,
				18FF570020158C3200E509D2 /* Physics */,
				18FF571820158C3400E509D2 /* Scene */,
				18E23CF01FFE2C4000EEE891 /* Resource */,
				18F1B6C21FF35A8600F0431A /* Layout */,
				18BE29271FD66B690014BBF3 /* AppDelegate.swift */,
				18F2C8171FECEAAD006E3DE9 /* OprationManager.swift */,
				18BE29291FD66B690014BBF3 /* ViewController.swift */,
				18BE292E1FD66B690014BBF3 /* Assets.xcassets */,
				18BE29331FD66B690014BBF3 /* Info.plist */,
			);
			path = ScnceKitTest;
			sourceTree = "<group>";
		};
		18BE293B1FD66B690014BBF3 /* ScnceKitTestTests */ = {
			isa = PBXGroup;
			children = (
				18BE293C1FD66B690014BBF3 /* ScnceKitTestTests.swift */,
				18BE293E1FD66B690014BBF3 /* Info.plist */,
			);
			path = ScnceKitTestTests;
			sourceTree = "<group>";
		};
		18BE29461FD66B690014BBF3 /* ScnceKitTestUITests */ = {
			isa = PBXGroup;
			children = (
				18BE29471FD66B690014BBF3 /* ScnceKitTestUITests.swift */,
				18BE29491FD66B690014BBF3 /* Info.plist */,
			);
			path = ScnceKitTestUITests;
			sourceTree = "<group>";
		};
		18E23CF01FFE2C4000EEE891 /* Resource */ = {
			isa = PBXGroup;
			children = (
				18E23CF11FFE2C4000EEE891 /* tiankong.jpg */,
			);
			path = Resource;
			sourceTree = "<group>";
		};
		18F1B6C21FF35A8600F0431A /* Layout */ = {
			isa = PBXGroup;
			children = (
				18F1B6C31FF35A8600F0431A /* XHSSFrameTool.swift */,
				18F1B6C41FF35A8600F0431A /* XHSSLayoutTool.swift */,
			);
			path = Layout;
			sourceTree = "<group>";
		};
		18FF570020158C3200E509D2 /* Physics */ = {
			isa = PBXGroup;
			children = (
				18FF570120158C3200E509D2 /* Model */,
				18FF570220158C3200E509D2 /* View */,
			);
			path = Physics;
			sourceTree = "<group>";
		};
		18FF570120158C3200E509D2 /* Model */ = {
			isa = PBXGroup;
			children = (
			);
			path = Model;
			sourceTree = "<group>";
		};
		18FF570220158C3200E509D2 /* View */ = {
			isa = PBXGroup;
			children = (
				18FF570320158C3200E509D2 /* Cell */,
			);
			path = View;
			sourceTree = "<group>";
		};
		18FF570320158C3200E509D2 /* Cell */ = {
			isa = PBXGroup;
			children = (
			);
			path = Cell;
			sourceTree = "<group>";
		};
		18FF570420158C3200E509D2 /* Light */ = {
			isa = PBXGroup;
			children = (
				18FF570520158C3200E509D2 /* Model */,
				18FF570620158C3200E509D2 /* View */,
			);
			path = Light;
			sourceTree = "<group>";
		};
		18FF570520158C3200E509D2 /* Model */ = {
			isa = PBXGroup;
			children = (
			);
			path = Model;
			sourceTree = "<group>";
		};
		18FF570620158C3200E509D2 /* View */ = {
			isa = PBXGroup;
			children = (
				18FF570720158C3200E509D2 /* Cell */,
			);
			path = View;
			sourceTree = "<group>";
		};
		18FF570720158C3200E509D2 /* Cell */ = {
			isa = PBXGroup;
			children = (
			);
			path = Cell;
			sourceTree = "<group>";
		};
		18FF570820158C3300E509D2 /* Animation */ = {
			isa = PBXGroup;
			children = (
				18FF570920158C3300E509D2 /* Model */,
				18FF570A20158C3300E509D2 /* View */,
			);
			path = Animation;
			sourceTree = "<group>";
		};
		18FF570920158C3300E509D2 /* Model */ = {
			isa = PBXGroup;
			children = (
			);
			path = Model;
			sourceTree = "<group>";
		};
		18FF570A20158C3300E509D2 /* View */ = {
			isa = PBXGroup;
			children = (
				18FF570B20158C3300E509D2 /* Cell */,
			);
			path = View;
			sourceTree = "<group>";
		};
		18FF570B20158C3300E509D2 /* Cell */ = {
			isa = PBXGroup;
			children = (
			);
			path = Cell;
			sourceTree = "<group>";
		};
		18FF570C20158C3300E509D2 /* Camera */ = {
			isa = PBXGroup;
			children = (
				18FF570D20158C3300E509D2 /* Model */,
				18FF570E20158C3300E509D2 /* View */,
			);
			path = Camera;
			sourceTree = "<group>";
		};
		18FF570D20158C3300E509D2 /* Model */ = {
			isa = PBXGroup;
			children = (
			);
			path = Model;
			sourceTree = "<group>";
		};
		18FF570E20158C3300E509D2 /* View */ = {
			isa = PBXGroup;
			children = (
				18FF570F20158C3300E509D2 /* Cell */,
			);
			path = View;
			sourceTree = "<group>";
		};
		18FF570F20158C3300E509D2 /* Cell */ = {
			isa = PBXGroup;
			children = (
			);
			path = Cell;
			sourceTree = "<group>";
		};
		18FF571020158C3300E509D2 /* ParticalSystem */ = {
			isa = PBXGroup;
			children = (
				18FF571120158C3300E509D2 /* Model */,
				18FF571220158C3300E509D2 /* View */,
			);
			path = ParticalSystem;
			sourceTree = "<group>";
		};
		18FF571120158C3300E509D2 /* Model */ = {
			isa = PBXGroup;
			children = (
			);
			path = Model;
			sourceTree = "<group>";
		};
		18FF571220158C3300E509D2 /* View */ = {
			isa = PBXGroup;
			children = (
				18FF571320158C3300E509D2 /* Cell */,
			);
			path = View;
			sourceTree = "<group>";
		};
		18FF571320158C3300E509D2 /* Cell */ = {
			isa = PBXGroup;
			children = (
			);
			path = Cell;
			sourceTree = "<group>";
		};
		18FF571420158C3400E509D2 /* Material */ = {
			isa = PBXGroup;
			children = (
				18FF571520158C3400E509D2 /* Model */,
				18FF571620158C3400E509D2 /* View */,
			);
			path = Material;
			sourceTree = "<group>";
		};
		18FF571520158C3400E509D2 /* Model */ = {
			isa = PBXGroup;
			children = (
				18FF572320158CAE00E509D2 /* XHSSMaterialBaseModel.swift */,
				18FF572220158CAE00E509D2 /* XHSSMaterialModel.swift */,
				18FF572020158CA400E509D2 /* XHSSMaterialPropertyModel.swift */,
			);
			path = Model;
			sourceTree = "<group>";
		};
		18FF571620158C3400E509D2 /* View */ = {
			isa = PBXGroup;
			children = (
				18FF574020158E6B00E509D2 /* XHSSMaterialContentEditView.swift */,
				18FF574220158E6B00E509D2 /* XHSSMaterialContentImageLPaintView.swift */,
				18FF574120158E6B00E509D2 /* XHSSMaterialOprationUI.swift */,
				18FF571720158C3400E509D2 /* Cell */,
			);
			path = View;
			sourceTree = "<group>";
		};
		18FF571720158C3400E509D2 /* Cell */ = {
			isa = PBXGroup;
			children = (
			);
			path = Cell;
			sourceTree = "<group>";
		};
		18FF571820158C3400E509D2 /* Scene */ = {
			isa = PBXGroup;
			children = (
				18FF571920158C3400E509D2 /* Model */,
				18FF571A20158C3400E509D2 /* View */,
			);
			path = Scene;
			sourceTree = "<group>";
		};
		18FF571920158C3400E509D2 /* Model */ = {
			isa = PBXGroup;
			children = (
			);
			path = Model;
			sourceTree = "<group>";
		};
		18FF571A20158C3400E509D2 /* View */ = {
			isa = PBXGroup;
			children = (
				18FF571B20158C3400E509D2 /* Cell */,
			);
			path = View;
			sourceTree = "<group>";
		};
		18FF571B20158C3400E509D2 /* Cell */ = {
			isa = PBXGroup;
			children = (
			);
			path = Cell;
			sourceTree = "<group>";
		};
		18FF571C20158C3400E509D2 /* Geometry */ = {
			isa = PBXGroup;
			children = (
				18FF575C2015E5AA00E509D2 /* Manger */,
				18FF571D20158C3400E509D2 /* Model */,
				18FF571E20158C3400E509D2 /* View */,
			);
			path = Geometry;
			sourceTree = "<group>";
		};
		18FF571D20158C3400E509D2 /* Model */ = {
			isa = PBXGroup;
			children = (
				18FF572D20158E0C00E509D2 /* XHSSBoxModel.swift */,
				18FF572F20158E0C00E509D2 /* XHSSCapsuleModel.swift */,
				18FF572820158E0C00E509D2 /* XHSSConeModel.swift */,
				18FF572C20158E0C00E509D2 /* XHSSCylinderModel.swift */,
				18FF573020158E0C00E509D2 /* XHSSFloorModel.swift */,
				18FF572720158E0C00E509D2 /* XHSSObjectBaseModel.swift */,
				18FF572E20158E0C00E509D2 /* XHSSPlaneModel.swift */,
				18FF572620158E0C00E509D2 /* XHSSPyramidModel.swift */,
				18FF573220158E0C00E509D2 /* XHSSShapeModel.swift */,
				18FF573120158E0C00E509D2 /* XHSSSphereModel.swift */,
				18FF572920158E0C00E509D2 /* XHSSTextModel.swift */,
				18FF572A20158E0C00E509D2 /* XHSSTorusModel.swift */,
				18FF572B20158E0C00E509D2 /* XHSSTubeModel.swift */,
			);
			path = Model;
			sourceTree = "<group>";
		};
		18FF571E20158C3400E509D2 /* View */ = {
			isa = PBXGroup;
			children = (
				18FF574620158EC600E509D2 /* XHSSObjectOprationUI.swift */,
				18FF571F20158C3400E509D2 /* Cell */,
			);
			path = View;
			sourceTree = "<group>";
		};
		18FF571F20158C3400E509D2 /* Cell */ = {
			isa = PBXGroup;
			children = (
				18FF574920158EEA00E509D2 /* XHSSObjectBaseTVCell.swift */,
				18FF574A20158EEB00E509D2 /* XHSSObjectInputOnlyCell.swift */,
				18FF574B20158EEB00E509D2 /* XHSSObjectMultiInputCell.swift */,
				18FF574D20158EEB00E509D2 /* XHSSObjectSliderInputCell.swift */,
				18FF574C20158EEB00E509D2 /* XHSSObjectSwitchBtnTVCell.swift */,
				18FF574820158EEA00E509D2 /* XHSSObjectTipCell.swift */,
			);
			path = Cell;
			sourceTree = "<group>";
		};
		18FF575420158FA000E509D2 /* Menu */ = {
			isa = PBXGroup;
			children = (
				18FF575520158FA000E509D2 /* Model */,
				18FF575620158FA000E509D2 /* View */,
			);
			path = Menu;
			sourceTree = "<group>";
		};
		18FF575520158FA000E509D2 /* Model */ = {
			isa = PBXGroup;
			children = (
			);
			path = Model;
			sourceTree = "<group>";
		};
		18FF575620158FA000E509D2 /* View */ = {
			isa = PBXGroup;
			children = (
				18FF575720158FA000E509D2 /* Cell */,
				18FF575820158FA000E509D2 /* XHSSControlBoardView.swift */,
				18FF575920158FA000E509D2 /* XHSSObjectOprationTypePopView.swift */,
			);
			path = View;
			sourceTree = "<group>";
		};
		18FF575720158FA000E509D2 /* Cell */ = {
			isa = PBXGroup;
			children = (
			);
			path = Cell;
			sourceTree = "<group>";
		};
		18FF575C2015E5AA00E509D2 /* Manger */ = {
			isa = PBXGroup;
			children = (
				18FF575D2015E5C500E509D2 /* XHSSSCNGeometryManager.swift */,
			);
			path = Manger;
			sourceTree = "<group>";
		};
/* End PBXGroup section */

/* Begin PBXNativeTarget section */
		18BE29231FD66B690014BBF3 /* ScnceKitTest */ = {
			isa = PBXNativeTarget;
			buildConfigurationList = 18BE294C1FD66B690014BBF3 /* Build configuration list for PBXNativeTarget "ScnceKitTest" */;
			buildPhases = (
				18BE29201FD66B690014BBF3 /* Sources */,
				18BE29211FD66B690014BBF3 /* Frameworks */,
				18BE29221FD66B690014BBF3 /* Resources */,
			);
			buildRules = (
			);
			dependencies = (
			);
			name = ScnceKitTest;
			productName = ScnceKitTest;
			productReference = 18BE29241FD66B690014BBF3 /* ScnceKitTest.app */;
			productType = "com.apple.product-type.application";
		};
		18BE29371FD66B690014BBF3 /* ScnceKitTestTests */ = {
			isa = PBXNativeTarget;
			buildConfigurationList = 18BE294F1FD66B690014BBF3 /* Build configuration list for PBXNativeTarget "ScnceKitTestTests" */;
			buildPhases = (
				18BE29341FD66B690014BBF3 /* Sources */,
				18BE29351FD66B690014BBF3 /* Frameworks */,
				18BE29361FD66B690014BBF3 /* Resources */,
			);
			buildRules = (
			);
			dependencies = (
				18BE293A1FD66B690014BBF3 /* PBXTargetDependency */,
			);
			name = ScnceKitTestTests;
			productName = ScnceKitTestTests;
			productReference = 18BE29381FD66B690014BBF3 /* ScnceKitTestTests.xctest */;
			productType = "com.apple.product-type.bundle.unit-test";
		};
		18BE29421FD66B690014BBF3 /* ScnceKitTestUITests */ = {
			isa = PBXNativeTarget;
			buildConfigurationList = 18BE29521FD66B690014BBF3 /* Build configuration list for PBXNativeTarget "ScnceKitTestUITests" */;
			buildPhases = (
				18BE293F1FD66B690014BBF3 /* Sources */,
				18BE29401FD66B690014BBF3 /* Frameworks */,
				18BE29411FD66B690014BBF3 /* Resources */,
			);
			buildRules = (
			);
			dependencies = (
				18BE29451FD66B690014BBF3 /* PBXTargetDependency */,
			);
			name = ScnceKitTestUITests;
			productName = ScnceKitTestUITests;
			productReference = 18BE29431FD66B690014BBF3 /* ScnceKitTestUITests.xctest */;
			productType = "com.apple.product-type.bundle.ui-testing";
		};
/* End PBXNativeTarget section */

/* Begin PBXProject section */
		18BE291C1FD66B690014BBF3 /* Project object */ = {
			isa = PBXProject;
			attributes = {
				LastSwiftUpdateCheck = 0910;
				LastUpgradeCheck = 0910;
				ORGANIZATIONNAME = XiaoHai;
				TargetAttributes = {
					18BE29231FD66B690014BBF3 = {
						CreatedOnToolsVersion = 9.1;
						ProvisioningStyle = Automatic;
					};
					18BE29371FD66B690014BBF3 = {
						CreatedOnToolsVersion = 9.1;
						ProvisioningStyle = Automatic;
						TestTargetID = 18BE29231FD66B690014BBF3;
					};
					18BE29421FD66B690014BBF3 = {
						CreatedOnToolsVersion = 9.1;
						ProvisioningStyle = Automatic;
						TestTargetID = 18BE29231FD66B690014BBF3;
					};
				};
			};
			buildConfigurationList = 18BE291F1FD66B690014BBF3 /* Build configuration list for PBXProject "ScnceKitTest" */;
			compatibilityVersion = "Xcode 8.0";
			developmentRegion = en;
			hasScannedForEncodings = 0;
			knownRegions = (
				en,
				Base,
			);
			mainGroup = 18BE291B1FD66B690014BBF3;
			productRefGroup = 18BE29251FD66B690014BBF3 /* Products */;
			projectDirPath = "";
			projectRoot = "";
			targets = (
				18BE29231FD66B690014BBF3 /* ScnceKitTest */,
				18BE29371FD66B690014BBF3 /* ScnceKitTestTests */,
				18BE29421FD66B690014BBF3 /* ScnceKitTestUITests */,
			);
		};
/* End PBXProject section */

/* Begin PBXResourcesBuildPhase section */
		18BE29221FD66B690014BBF3 /* Resources */ = {
			isa = PBXResourcesBuildPhase;
			buildActionMask = 2147483647;
			files = (
				18E23CF21FFE2C4100EEE891 /* tiankong.jpg in Resources */,
				18BE292F1FD66B690014BBF3 /* Assets.xcassets in Resources */,
			);
			runOnlyForDeploymentPostprocessing = 0;
		};
		18BE29361FD66B690014BBF3 /* Resources */ = {
			isa = PBXResourcesBuildPhase;
			buildActionMask = 2147483647;
			files = (
			);
			runOnlyForDeploymentPostprocessing = 0;
		};
		18BE29411FD66B690014BBF3 /* Resources */ = {
			isa = PBXResourcesBuildPhase;
			buildActionMask = 2147483647;
			files = (
			);
			runOnlyForDeploymentPostprocessing = 0;
		};
/* End PBXResourcesBuildPhase section */

/* Begin PBXSourcesBuildPhase section */
		18BE29201FD66B690014BBF3 /* Sources */ = {
			isa = PBXSourcesBuildPhase;
			buildActionMask = 2147483647;
			files = (
				18F2C8181FECEAAD006E3DE9 /* OprationManager.swift in Sources */,
				18FF573B20158E0C00E509D2 /* XHSSPlaneModel.swift in Sources */,
				18FF573320158E0C00E509D2 /* XHSSPyramidModel.swift in Sources */,
				18BE292A1FD66B690014BBF3 /* ViewController.swift in Sources */,
				18FF574E20158EEB00E509D2 /* XHSSObjectTipCell.swift in Sources */,
				18F1B6C61FF35A8600F0431A /* XHSSLayoutTool.swift in Sources */,
				18FF574520158E6B00E509D2 /* XHSSMaterialContentImageLPaintView.swift in Sources */,
				18FF574320158E6B00E509D2 /* XHSSMaterialContentEditView.swift in Sources */,
				18FF572120158CA400E509D2 /* XHSSMaterialPropertyModel.swift in Sources */,
				18F1B6C51FF35A8600F0431A /* XHSSFrameTool.swift in Sources */,
				18BE29281FD66B690014BBF3 /* AppDelegate.swift in Sources */,
				18FF573E20158E0C00E509D2 /* XHSSSphereModel.swift in Sources */,
				18FF573A20158E0C00E509D2 /* XHSSBoxModel.swift in Sources */,
				18FF573520158E0C00E509D2 /* XHSSConeModel.swift in Sources */,
				18FF573F20158E0C00E509D2 /* XHSSShapeModel.swift in Sources */,
				18FF573420158E0C00E509D2 /* XHSSObjectBaseModel.swift in Sources */,
				18FF575320158EEB00E509D2 /* XHSSObjectSliderInputCell.swift in Sources */,
				18FF573D20158E0C00E509D2 /* XHSSFloorModel.swift in Sources */,
				18FF573620158E0C00E509D2 /* XHSSTextModel.swift in Sources */,
				18FF574420158E6B00E509D2 /* XHSSMaterialOprationUI.swift in Sources */,
				18FF572420158CAE00E509D2 /* XHSSMaterialModel.swift in Sources */,
				18FF575020158EEB00E509D2 /* XHSSObjectInputOnlyCell.swift in Sources */,
				18FF573920158E0C00E509D2 /* XHSSCylinderModel.swift in Sources */,
				18FF575220158EEB00E509D2 /* XHSSObjectSwitchBtnTVCell.swift in Sources */,
				18FF573720158E0C00E509D2 /* XHSSTorusModel.swift in Sources */,
				18FF575B20158FA000E509D2 /* XHSSObjectOprationTypePopView.swift in Sources */,
				18FF575E2015E5C500E509D2 /* XHSSSCNGeometryManager.swift in Sources */,
				18FF572520158CAE00E509D2 /* XHSSMaterialBaseModel.swift in Sources */,
				18FF573C20158E0C00E509D2 /* XHSSCapsuleModel.swift in Sources */,
				18FF574720158EC600E509D2 /* XHSSObjectOprationUI.swift in Sources */,
				18FF573820158E0C00E509D2 /* XHSSTubeModel.swift in Sources */,
				18FF575120158EEB00E509D2 /* XHSSObjectMultiInputCell.swift in Sources */,
				18FF574F20158EEB00E509D2 /* XHSSObjectBaseTVCell.swift in Sources */,
				18FF575A20158FA000E509D2 /* XHSSControlBoardView.swift in Sources */,
			);
			runOnlyForDeploymentPostprocessing = 0;
		};
		18BE29341FD66B690014BBF3 /* Sources */ = {
			isa = PBXSourcesBuildPhase;
			buildActionMask = 2147483647;
			files = (
				18BE293D1FD66B690014BBF3 /* ScnceKitTestTests.swift in Sources */,
			);
			runOnlyForDeploymentPostprocessing = 0;
		};
		18BE293F1FD66B690014BBF3 /* Sources */ = {
			isa = PBXSourcesBuildPhase;
			buildActionMask = 2147483647;
			files = (
				18BE29481FD66B690014BBF3 /* ScnceKitTestUITests.swift in Sources */,
			);
			runOnlyForDeploymentPostprocessing = 0;
		};
/* End PBXSourcesBuildPhase section */

/* Begin PBXTargetDependency section */
		18BE293A1FD66B690014BBF3 /* PBXTargetDependency */ = {
			isa = PBXTargetDependency;
			target = 18BE29231FD66B690014BBF3 /* ScnceKitTest */;
			targetProxy = 18BE29391FD66B690014BBF3 /* PBXContainerItemProxy */;
		};
		18BE29451FD66B690014BBF3 /* PBXTargetDependency */ = {
			isa = PBXTargetDependency;
			target = 18BE29231FD66B690014BBF3 /* ScnceKitTest */;
			targetProxy = 18BE29441FD66B690014BBF3 /* PBXContainerItemProxy */;
		};
/* End PBXTargetDependency section */

/* Begin XCBuildConfiguration section */
		18BE294A1FD66B690014BBF3 /* Debug */ = {
			isa = XCBuildConfiguration;
			buildSettings = {
				ALWAYS_SEARCH_USER_PATHS = NO;
				CLANG_ANALYZER_NONNULL = YES;
				CLANG_ANALYZER_NUMBER_OBJECT_CONVERSION = YES_AGGRESSIVE;
				CLANG_CXX_LANGUAGE_STANDARD = "gnu++14";
				CLANG_CXX_LIBRARY = "libc++";
				CLANG_ENABLE_MODULES = YES;
				CLANG_ENABLE_OBJC_ARC = YES;
				CLANG_WARN_BLOCK_CAPTURE_AUTORELEASING = YES;
				CLANG_WARN_BOOL_CONVERSION = YES;
				CLANG_WARN_COMMA = YES;
				CLANG_WARN_CONSTANT_CONVERSION = YES;
				CLANG_WARN_DIRECT_OBJC_ISA_USAGE = YES_ERROR;
				CLANG_WARN_DOCUMENTATION_COMMENTS = YES;
				CLANG_WARN_EMPTY_BODY = YES;
				CLANG_WARN_ENUM_CONVERSION = YES;
				CLANG_WARN_INFINITE_RECURSION = YES;
				CLANG_WARN_INT_CONVERSION = YES;
				CLANG_WARN_NON_LITERAL_NULL_CONVERSION = YES;
				CLANG_WARN_OBJC_LITERAL_CONVERSION = YES;
				CLANG_WARN_OBJC_ROOT_CLASS = YES_ERROR;
				CLANG_WARN_RANGE_LOOP_ANALYSIS = YES;
				CLANG_WARN_STRICT_PROTOTYPES = YES;
				CLANG_WARN_SUSPICIOUS_MOVE = YES;
				CLANG_WARN_UNGUARDED_AVAILABILITY = YES_AGGRESSIVE;
				CLANG_WARN_UNREACHABLE_CODE = YES;
				CLANG_WARN__DUPLICATE_METHOD_MATCH = YES;
				CODE_SIGN_IDENTITY = "iPhone Developer";
				COPY_PHASE_STRIP = NO;
				DEBUG_INFORMATION_FORMAT = dwarf;
				ENABLE_STRICT_OBJC_MSGSEND = YES;
				ENABLE_TESTABILITY = YES;
				GCC_C_LANGUAGE_STANDARD = gnu11;
				GCC_DYNAMIC_NO_PIC = NO;
				GCC_NO_COMMON_BLOCKS = YES;
				GCC_OPTIMIZATION_LEVEL = 0;
				GCC_PREPROCESSOR_DEFINITIONS = (
					"DEBUG=1",
					"$(inherited)",
				);
				GCC_WARN_64_TO_32_BIT_CONVERSION = YES;
				GCC_WARN_ABOUT_RETURN_TYPE = YES_ERROR;
				GCC_WARN_UNDECLARED_SELECTOR = YES;
				GCC_WARN_UNINITIALIZED_AUTOS = YES_AGGRESSIVE;
				GCC_WARN_UNUSED_FUNCTION = YES;
				GCC_WARN_UNUSED_VARIABLE = YES;
				IPHONEOS_DEPLOYMENT_TARGET = 11.1;
				MTL_ENABLE_DEBUG_INFO = YES;
				ONLY_ACTIVE_ARCH = YES;
				SDKROOT = iphoneos;
				SWIFT_ACTIVE_COMPILATION_CONDITIONS = DEBUG;
				SWIFT_OPTIMIZATION_LEVEL = "-Onone";
			};
			name = Debug;
		};
		18BE294B1FD66B690014BBF3 /* Release */ = {
			isa = XCBuildConfiguration;
			buildSettings = {
				ALWAYS_SEARCH_USER_PATHS = NO;
				CLANG_ANALYZER_NONNULL = YES;
				CLANG_ANALYZER_NUMBER_OBJECT_CONVERSION = YES_AGGRESSIVE;
				CLANG_CXX_LANGUAGE_STANDARD = "gnu++14";
				CLANG_CXX_LIBRARY = "libc++";
				CLANG_ENABLE_MODULES = YES;
				CLANG_ENABLE_OBJC_ARC = YES;
				CLANG_WARN_BLOCK_CAPTURE_AUTORELEASING = YES;
				CLANG_WARN_BOOL_CONVERSION = YES;
				CLANG_WARN_COMMA = YES;
				CLANG_WARN_CONSTANT_CONVERSION = YES;
				CLANG_WARN_DIRECT_OBJC_ISA_USAGE = YES_ERROR;
				CLANG_WARN_DOCUMENTATION_COMMENTS = YES;
				CLANG_WARN_EMPTY_BODY = YES;
				CLANG_WARN_ENUM_CONVERSION = YES;
				CLANG_WARN_INFINITE_RECURSION = YES;
				CLANG_WARN_INT_CONVERSION = YES;
				CLANG_WARN_NON_LITERAL_NULL_CONVERSION = YES;
				CLANG_WARN_OBJC_LITERAL_CONVERSION = YES;
				CLANG_WARN_OBJC_ROOT_CLASS = YES_ERROR;
				CLANG_WARN_RANGE_LOOP_ANALYSIS = YES;
				CLANG_WARN_STRICT_PROTOTYPES = YES;
				CLANG_WARN_SUSPICIOUS_MOVE = YES;
				CLANG_WARN_UNGUARDED_AVAILABILITY = YES_AGGRESSIVE;
				CLANG_WARN_UNREACHABLE_CODE = YES;
				CLANG_WARN__DUPLICATE_METHOD_MATCH = YES;
				CODE_SIGN_IDENTITY = "iPhone Developer";
				COPY_PHASE_STRIP = NO;
				DEBUG_INFORMATION_FORMAT = "dwarf-with-dsym";
				ENABLE_NS_ASSERTIONS = NO;
				ENABLE_STRICT_OBJC_MSGSEND = YES;
				GCC_C_LANGUAGE_STANDARD = gnu11;
				GCC_NO_COMMON_BLOCKS = YES;
				GCC_WARN_64_TO_32_BIT_CONVERSION = YES;
				GCC_WARN_ABOUT_RETURN_TYPE = YES_ERROR;
				GCC_WARN_UNDECLARED_SELECTOR = YES;
				GCC_WARN_UNINITIALIZED_AUTOS = YES_AGGRESSIVE;
				GCC_WARN_UNUSED_FUNCTION = YES;
				GCC_WARN_UNUSED_VARIABLE = YES;
				IPHONEOS_DEPLOYMENT_TARGET = 11.1;
				MTL_ENABLE_DEBUG_INFO = NO;
				SDKROOT = iphoneos;
				SWIFT_OPTIMIZATION_LEVEL = "-Owholemodule";
				VALIDATE_PRODUCT = YES;
			};
			name = Release;
		};
		18BE294D1FD66B690014BBF3 /* Debug */ = {
			isa = XCBuildConfiguration;
			buildSettings = {
				ASSETCATALOG_COMPILER_APPICON_NAME = AppIcon;
				CODE_SIGN_STYLE = Automatic;
				DEVELOPMENT_TEAM = QRAG6E9K3M;
				INFOPLIST_FILE = ScnceKitTest/Info.plist;
				LD_RUNPATH_SEARCH_PATHS = "$(inherited) @executable_path/Frameworks";
				PRODUCT_BUNDLE_IDENTIFIER = XiaoHai.ScnceKitTest;
				PRODUCT_NAME = "$(TARGET_NAME)";
				SWIFT_VERSION = 4.0;
				TARGETED_DEVICE_FAMILY = "1,2";
			};
			name = Debug;
		};
		18BE294E1FD66B690014BBF3 /* Release */ = {
			isa = XCBuildConfiguration;
			buildSettings = {
				ASSETCATALOG_COMPILER_APPICON_NAME = AppIcon;
				CODE_SIGN_STYLE = Automatic;
				DEVELOPMENT_TEAM = QRAG6E9K3M;
				INFOPLIST_FILE = ScnceKitTest/Info.plist;
				LD_RUNPATH_SEARCH_PATHS = "$(inherited) @executable_path/Frameworks";
				PRODUCT_BUNDLE_IDENTIFIER = XiaoHai.ScnceKitTest;
				PRODUCT_NAME = "$(TARGET_NAME)";
				SWIFT_VERSION = 4.0;
				TARGETED_DEVICE_FAMILY = "1,2";
			};
			name = Release;
		};
		18BE29501FD66B690014BBF3 /* Debug */ = {
			isa = XCBuildConfiguration;
			buildSettings = {
				ALWAYS_EMBED_SWIFT_STANDARD_LIBRARIES = YES;
				BUNDLE_LOADER = "$(TEST_HOST)";
				CODE_SIGN_STYLE = Automatic;
				INFOPLIST_FILE = ScnceKitTestTests/Info.plist;
				LD_RUNPATH_SEARCH_PATHS = "$(inherited) @executable_path/Frameworks @loader_path/Frameworks";
				PRODUCT_BUNDLE_IDENTIFIER = XiaoHai.ScnceKitTestTests;
				PRODUCT_NAME = "$(TARGET_NAME)";
				SWIFT_VERSION = 4.0;
				TARGETED_DEVICE_FAMILY = "1,2";
				TEST_HOST = "$(BUILT_PRODUCTS_DIR)/ScnceKitTest.app/ScnceKitTest";
			};
			name = Debug;
		};
		18BE29511FD66B690014BBF3 /* Release */ = {
			isa = XCBuildConfiguration;
			buildSettings = {
				ALWAYS_EMBED_SWIFT_STANDARD_LIBRARIES = YES;
				BUNDLE_LOADER = "$(TEST_HOST)";
				CODE_SIGN_STYLE = Automatic;
				INFOPLIST_FILE = ScnceKitTestTests/Info.plist;
				LD_RUNPATH_SEARCH_PATHS = "$(inherited) @executable_path/Frameworks @loader_path/Frameworks";
				PRODUCT_BUNDLE_IDENTIFIER = XiaoHai.ScnceKitTestTests;
				PRODUCT_NAME = "$(TARGET_NAME)";
				SWIFT_VERSION = 4.0;
				TARGETED_DEVICE_FAMILY = "1,2";
				TEST_HOST = "$(BUILT_PRODUCTS_DIR)/ScnceKitTest.app/ScnceKitTest";
			};
			name = Release;
		};
		18BE29531FD66B690014BBF3 /* Debug */ = {
			isa = XCBuildConfiguration;
			buildSettings = {
				ALWAYS_EMBED_SWIFT_STANDARD_LIBRARIES = YES;
				CODE_SIGN_STYLE = Automatic;
				INFOPLIST_FILE = ScnceKitTestUITests/Info.plist;
				LD_RUNPATH_SEARCH_PATHS = "$(inherited) @executable_path/Frameworks @loader_path/Frameworks";
				PRODUCT_BUNDLE_IDENTIFIER = XiaoHai.ScnceKitTestUITests;
				PRODUCT_NAME = "$(TARGET_NAME)";
				SWIFT_VERSION = 4.0;
				TARGETED_DEVICE_FAMILY = "1,2";
				TEST_TARGET_NAME = ScnceKitTest;
			};
			name = Debug;
		};
		18BE29541FD66B690014BBF3 /* Release */ = {
			isa = XCBuildConfiguration;
			buildSettings = {
				ALWAYS_EMBED_SWIFT_STANDARD_LIBRARIES = YES;
				CODE_SIGN_STYLE = Automatic;
				INFOPLIST_FILE = ScnceKitTestUITests/Info.plist;
				LD_RUNPATH_SEARCH_PATHS = "$(inherited) @executable_path/Frameworks @loader_path/Frameworks";
				PRODUCT_BUNDLE_IDENTIFIER = XiaoHai.ScnceKitTestUITests;
				PRODUCT_NAME = "$(TARGET_NAME)";
				SWIFT_VERSION = 4.0;
				TARGETED_DEVICE_FAMILY = "1,2";
				TEST_TARGET_NAME = ScnceKitTest;
			};
			name = Release;
		};
/* End XCBuildConfiguration section */

/* Begin XCConfigurationList section */
		18BE291F1FD66B690014BBF3 /* Build configuration list for PBXProject "ScnceKitTest" */ = {
			isa = XCConfigurationList;
			buildConfigurations = (
				18BE294A1FD66B690014BBF3 /* Debug */,
				18BE294B1FD66B690014BBF3 /* Release */,
			);
			defaultConfigurationIsVisible = 0;
			defaultConfigurationName = Release;
		};
		18BE294C1FD66B690014BBF3 /* Build configuration list for PBXNativeTarget "ScnceKitTest" */ = {
			isa = XCConfigurationList;
			buildConfigurations = (
				18BE294D1FD66B690014BBF3 /* Debug */,
				18BE294E1FD66B690014BBF3 /* Release */,
			);
			defaultConfigurationIsVisible = 0;
			defaultConfigurationName = Release;
		};
		18BE294F1FD66B690014BBF3 /* Build configuration list for PBXNativeTarget "ScnceKitTestTests" */ = {
			isa = XCConfigurationList;
			buildConfigurations = (
				18BE29501FD66B690014BBF3 /* Debug */,
				18BE29511FD66B690014BBF3 /* Release */,
			);
			defaultConfigurationIsVisible = 0;
			defaultConfigurationName = Release;
		};
		18BE29521FD66B690014BBF3 /* Build configuration list for PBXNativeTarget "ScnceKitTestUITests" */ = {
			isa = XCConfigurationList;
			buildConfigurations = (
				18BE29531FD66B690014BBF3 /* Debug */,
				18BE29541FD66B690014BBF3 /* Release */,
			);
			defaultConfigurationIsVisible = 0;
			defaultConfigurationName = Release;
		};
/* End XCConfigurationList section */
	};
	rootObject = 18BE291C1FD66B690014BBF3 /* Project object */;
}
